
Microsoft Visual Studio Solution File, Format Version 12.00
Project("{2150E333-8FDC-42A3-9474-1A3956D46DE8}") = "Bootstrapper", "Bootstrapper", "{18F41A12-83AD-4CEA-94AB-380E4C33A515}"
EndProject
Project("{2150E333-8FDC-42A3-9474-1A3956D46DE8}") = "Modules", "Modules", "{38990EAA-BAF7-4BFD-A050-D9258D2333F0}"
EndProject
Project("{2150E333-8FDC-42A3-9474-1A3956D46DE8}") = "Shared", "Shared", "{FFD081D2-A77D-4046-B7EE-F892547C29A8}"
EndProject
Project("{FAE04EC0-301F-11D3-BF4B-00C04F79EFBC}") = "Api", "Bootstrapper\Api\Api.csproj", "{78DE5C81-1D7A-4B4A-9A5E-DC139DEF1D59}"
EndProject
Project("{2150E333-8FDC-42A3-9474-1A3956D46DE8}") = "Basket", "Basket", "{C3901B29-3AAD-4C6F-9849-01DC0DB7552B}"
EndProject
Project("{2150E333-8FDC-42A3-9474-1A3956D46DE8}") = "Catalog", "Catalog", "{54F4A280-2DC3-4CFE-A480-2F53755577E2}"
EndProject
Project("{2150E333-8FDC-42A3-9474-1A3956D46DE8}") = "Ordering", "Ordering", "{0A1A59F0-2D6F-4B1B-95EC-4D88D898869E}"
EndProject
Project("{FAE04EC0-301F-11D3-BF4B-00C04F79EFBC}") = "Basket", "Modules\Basket\Basket\Basket.csproj", "{442406BE-FF6A-43CA-B905-2EB7DD48AF6D}"
EndProject
Project("{FAE04EC0-301F-11D3-BF4B-00C04F79EFBC}") = "Catalog", "Modules\Catalog\Catalog\Catalog.csproj", "{56694A85-8FAE-413B-B959-EB95E4285656}"
EndProject
Project("{FAE04EC0-301F-11D3-BF4B-00C04F79EFBC}") = "Ordering", "Modules\Ordering\Ordering\Ordering.csproj", "{4D5D0DE3-9C2F-435D-AA33-E2562DB952A1}"
EndProject
Project("{FAE04EC0-301F-11D3-BF4B-00C04F79EFBC}") = "Shared", "Shared\Shared\Shared.csproj", "{8BB2BD2B-EE5D-45AB-8D1B-97BC1826D89D}"
EndProject
Project("{2150E333-8FDC-42A3-9474-1A3956D46DE8}") = "Solution Items", "Solution Items", "{7ADA24CE-3D0C-42E4-BC0C-50D39BA67C48}"
	ProjectSection(SolutionItems) = preProject
		docker-compose.yml = docker-compose.yml
		docker-compose.override.yml = docker-compose.override.yml
	EndProjectSection
EndProject
Global
	GlobalSection(SolutionConfigurationPlatforms) = preSolution
		Debug|Any CPU = Debug|Any CPU
		Release|Any CPU = Release|Any CPU
	EndGlobalSection
	GlobalSection(NestedProjects) = preSolution
		{78DE5C81-1D7A-4B4A-9A5E-DC139DEF1D59} = {18F41A12-83AD-4CEA-94AB-380E4C33A515}
		{C3901B29-3AAD-4C6F-9849-01DC0DB7552B} = {38990EAA-BAF7-4BFD-A050-D9258D2333F0}
		{54F4A280-2DC3-4CFE-A480-2F53755577E2} = {38990EAA-BAF7-4BFD-A050-D9258D2333F0}
		{0A1A59F0-2D6F-4B1B-95EC-4D88D898869E} = {38990EAA-BAF7-4BFD-A050-D9258D2333F0}
		{442406BE-FF6A-43CA-B905-2EB7DD48AF6D} = {C3901B29-3AAD-4C6F-9849-01DC0DB7552B}
		{56694A85-8FAE-413B-B959-EB95E4285656} = {54F4A280-2DC3-4CFE-A480-2F53755577E2}
		{4D5D0DE3-9C2F-435D-AA33-E2562DB952A1} = {0A1A59F0-2D6F-4B1B-95EC-4D88D898869E}
		{8BB2BD2B-EE5D-45AB-8D1B-97BC1826D89D} = {FFD081D2-A77D-4046-B7EE-F892547C29A8}
	EndGlobalSection
	GlobalSection(ProjectConfigurationPlatforms) = postSolution
		{78DE5C81-1D7A-4B4A-9A5E-DC139DEF1D59}.Debug|Any CPU.ActiveCfg = Debug|Any CPU
		{78DE5C81-1D7A-4B4A-9A5E-DC139DEF1D59}.Debug|Any CPU.Build.0 = Debug|Any CPU
		{78DE5C81-1D7A-4B4A-9A5E-DC139DEF1D59}.Release|Any CPU.ActiveCfg = Release|Any CPU
		{78DE5C81-1D7A-4B4A-9A5E-DC139DEF1D59}.Release|Any CPU.Build.0 = Release|Any CPU
		{442406BE-FF6A-43CA-B905-2EB7DD48AF6D}.Debug|Any CPU.ActiveCfg = Debug|Any CPU
		{442406BE-FF6A-43CA-B905-2EB7DD48AF6D}.Debug|Any CPU.Build.0 = Debug|Any CPU
		{442406BE-FF6A-43CA-B905-2EB7DD48AF6D}.Release|Any CPU.ActiveCfg = Release|Any CPU
		{442406BE-FF6A-43CA-B905-2EB7DD48AF6D}.Release|Any CPU.Build.0 = Release|Any CPU
		{56694A85-8FAE-413B-B959-EB95E4285656}.Debug|Any CPU.ActiveCfg = Debug|Any CPU
		{56694A85-8FAE-413B-B959-EB95E4285656}.Debug|Any CPU.Build.0 = Debug|Any CPU
		{56694A85-8FAE-413B-B959-EB95E4285656}.Release|Any CPU.ActiveCfg = Release|Any CPU
		{56694A85-8FAE-413B-B959-EB95E4285656}.Release|Any CPU.Build.0 = Release|Any CPU
		{4D5D0DE3-9C2F-435D-AA33-E2562DB952A1}.Debug|Any CPU.ActiveCfg = Debug|Any CPU
		{4D5D0DE3-9C2F-435D-AA33-E2562DB952A1}.Debug|Any CPU.Build.0 = Debug|Any CPU
		{4D5D0DE3-9C2F-435D-AA33-E2562DB952A1}.Release|Any CPU.ActiveCfg = Release|Any CPU
		{4D5D0DE3-9C2F-435D-AA33-E2562DB952A1}.Release|Any CPU.Build.0 = Release|Any CPU
		{8BB2BD2B-EE5D-45AB-8D1B-97BC1826D89D}.Debug|Any CPU.ActiveCfg = Debug|Any CPU
		{8BB2BD2B-EE5D-45AB-8D1B-97BC1826D89D}.Debug|Any CPU.Build.0 = Debug|Any CPU
		{8BB2BD2B-EE5D-45AB-8D1B-97BC1826D89D}.Release|Any CPU.ActiveCfg = Release|Any CPU
		{8BB2BD2B-EE5D-45AB-8D1B-97BC1826D89D}.Release|Any CPU.Build.0 = Release|Any CPU
	EndGlobalSection
EndGlobal
