
Microsoft Visual Studio Solution File, Format Version 12.00
Project("{2150E333-8FDC-42A3-9474-1A3956D46DE8}") = "Bootstrapper", "Bootstrapper", "{2C04505A-78C7-4729-B724-5B1234A56C30}"
EndProject
Project("{2150E333-8FDC-42A3-9474-1A3956D46DE8}") = "Shared", "Shared", "{3CD5B7EF-FFFB-434A-8279-9DAF5AB9DBD9}"
EndProject
Project("{2150E333-8FDC-42A3-9474-1A3956D46DE8}") = "Modules", "Modules", "{BD3871EA-4C8F-4356-9DA7-3249F4B4F5C2}"
EndProject
Project("{FAE04EC0-301F-11D3-BF4B-00C04F79EFBC}") = "Api", "Bootstrapper\Api\Api.csproj", "{943D594B-D807-4ACC-A8A9-13EC3F089E69}"
EndProject
Project("{2150E333-8FDC-42A3-9474-1A3956D46DE8}") = "Catalog", "Catalog", "{012A9FF2-8782-48F6-A1E9-C42E9D02E822}"
EndProject
Project("{2150E333-8FDC-42A3-9474-1A3956D46DE8}") = "Ordering", "Ordering", "{256A340E-C31D-42AD-A932-F96A5B6EC7C0}"
EndProject
Project("{2150E333-8FDC-42A3-9474-1A3956D46DE8}") = "Basket", "Basket", "{3C309B76-5114-495D-AA12-F074AD2A7F60}"
EndProject
Project("{FAE04EC0-301F-11D3-BF4B-00C04F79EFBC}") = "Basket", "Modules\Basket\Basket\Basket.csproj", "{99443909-3089-4762-82AA-B007FB7F10DB}"
EndProject
Project("{FAE04EC0-301F-11D3-BF4B-00C04F79EFBC}") = "Catalog", "Modules\Catalog\Catalog\Catalog.csproj", "{D75765BB-70B8-4325-B76E-D7A6B39B9E2E}"
EndProject
Project("{FAE04EC0-301F-11D3-BF4B-00C04F79EFBC}") = "Ordering", "Modules\Ordering\Ordering\Ordering.csproj", "{40400828-F2FC-46F2-801C-01887C0EC684}"
EndProject
Project("{FAE04EC0-301F-11D3-BF4B-00C04F79EFBC}") = "Shared", "Shared\Shared\Shared.csproj", "{95CD5883-A112-4C44-B87A-BA2CC4506D9E}"
EndProject
Project("{2150E333-8FDC-42A3-9474-1A3956D46DE8}") = "Solution Items", "Solution Items", "{3894DA00-88AE-430F-9559-62A1029F58FB}"
	ProjectSection(SolutionItems) = preProject
		docker-compose.yaml = docker-compose.yaml
		docker-compose.override.yaml = docker-compose.override.yaml
	EndProjectSection
EndProject
Global
	GlobalSection(SolutionConfigurationPlatforms) = preSolution
		Debug|Any CPU = Debug|Any CPU
		Release|Any CPU = Release|Any CPU
	EndGlobalSection
	GlobalSection(NestedProjects) = preSolution
		{943D594B-D807-4ACC-A8A9-13EC3F089E69} = {2C04505A-78C7-4729-B724-5B1234A56C30}
		{012A9FF2-8782-48F6-A1E9-C42E9D02E822} = {BD3871EA-4C8F-4356-9DA7-3249F4B4F5C2}
		{256A340E-C31D-42AD-A932-F96A5B6EC7C0} = {BD3871EA-4C8F-4356-9DA7-3249F4B4F5C2}
		{3C309B76-5114-495D-AA12-F074AD2A7F60} = {BD3871EA-4C8F-4356-9DA7-3249F4B4F5C2}
		{99443909-3089-4762-82AA-B007FB7F10DB} = {3C309B76-5114-495D-AA12-F074AD2A7F60}
		{D75765BB-70B8-4325-B76E-D7A6B39B9E2E} = {012A9FF2-8782-48F6-A1E9-C42E9D02E822}
		{40400828-F2FC-46F2-801C-01887C0EC684} = {256A340E-C31D-42AD-A932-F96A5B6EC7C0}
		{95CD5883-A112-4C44-B87A-BA2CC4506D9E} = {3CD5B7EF-FFFB-434A-8279-9DAF5AB9DBD9}
	EndGlobalSection
	GlobalSection(ProjectConfigurationPlatforms) = postSolution
		{943D594B-D807-4ACC-A8A9-13EC3F089E69}.Debug|Any CPU.ActiveCfg = Debug|Any CPU
		{943D594B-D807-4ACC-A8A9-13EC3F089E69}.Debug|Any CPU.Build.0 = Debug|Any CPU
		{943D594B-D807-4ACC-A8A9-13EC3F089E69}.Release|Any CPU.ActiveCfg = Release|Any CPU
		{943D594B-D807-4ACC-A8A9-13EC3F089E69}.Release|Any CPU.Build.0 = Release|Any CPU
		{99443909-3089-4762-82AA-B007FB7F10DB}.Debug|Any CPU.ActiveCfg = Debug|Any CPU
		{99443909-3089-4762-82AA-B007FB7F10DB}.Debug|Any CPU.Build.0 = Debug|Any CPU
		{99443909-3089-4762-82AA-B007FB7F10DB}.Release|Any CPU.ActiveCfg = Release|Any CPU
		{99443909-3089-4762-82AA-B007FB7F10DB}.Release|Any CPU.Build.0 = Release|Any CPU
		{D75765BB-70B8-4325-B76E-D7A6B39B9E2E}.Debug|Any CPU.ActiveCfg = Debug|Any CPU
		{D75765BB-70B8-4325-B76E-D7A6B39B9E2E}.Debug|Any CPU.Build.0 = Debug|Any CPU
		{D75765BB-70B8-4325-B76E-D7A6B39B9E2E}.Release|Any CPU.ActiveCfg = Release|Any CPU
		{D75765BB-70B8-4325-B76E-D7A6B39B9E2E}.Release|Any CPU.Build.0 = Release|Any CPU
		{40400828-F2FC-46F2-801C-01887C0EC684}.Debug|Any CPU.ActiveCfg = Debug|Any CPU
		{40400828-F2FC-46F2-801C-01887C0EC684}.Debug|Any CPU.Build.0 = Debug|Any CPU
		{40400828-F2FC-46F2-801C-01887C0EC684}.Release|Any CPU.ActiveCfg = Release|Any CPU
		{40400828-F2FC-46F2-801C-01887C0EC684}.Release|Any CPU.Build.0 = Release|Any CPU
		{95CD5883-A112-4C44-B87A-BA2CC4506D9E}.Debug|Any CPU.ActiveCfg = Debug|Any CPU
		{95CD5883-A112-4C44-B87A-BA2CC4506D9E}.Debug|Any CPU.Build.0 = Debug|Any CPU
		{95CD5883-A112-4C44-B87A-BA2CC4506D9E}.Release|Any CPU.ActiveCfg = Release|Any CPU
		{95CD5883-A112-4C44-B87A-BA2CC4506D9E}.Release|Any CPU.Build.0 = Release|Any CPU
	EndGlobalSection
EndGlobal
